PODS:
  - AppAuth (1.4.0):
    - AppAuth/Core (= 1.4.0)
    - AppAuth/ExternalUserAgent (= 1.4.0)
  - AppAuth/Core (1.4.0)
  - AppAuth/ExternalUserAgent (1.4.0)
  - boost-for-react-native (1.63.0)
  - Branch (1.39.4)
  - CocoaAsyncSocket (7.6.5)
  - DoubleConversion (1.1.6)
  - EXApplication (2.4.1):
    - UMCore
  - EXConstants (9.3.5):
    - UMConstantsInterface
    - UMCore
  - EXErrorRecovery (1.4.0):
    - UMCore
  - EXFileSystem (9.3.0):
    - UMCore
    - UMFileSystemInterface
  - EXFont (8.4.0):
    - UMCore
    - UMFontInterface
  - EXImageLoader (1.3.0):
    - React-Core
    - UMCore
    - UMImageLoaderInterface
  - EXKeepAwake (8.4.0):
    - UMCore
  - EXLinearGradient (8.4.0):
    - UMCore
  - EXLocalization (9.1.0):
    - UMCore
  - EXLocation (10.0.0):
    - UMCore
    - UMPermissionsInterface
    - UMTaskManagerInterface
  - EXPermissions (10.0.0):
    - UMCore
    - UMPermissionsInterface
  - EXRandom (10.0.0):
    - React-Core
  - EXSecureStore (9.3.0):
    - UMCore
  - EXSQLite (8.5.0):
    - UMCore
    - UMFileSystemInterface
  - EXUpdates (0.4.2):
    - React-Core
    - UMCore
  - FBLazyVector (0.63.4)
  - FBReactNativeSpec (0.63.4):
    - Folly (= 2020.01.13.00)
    - RCTRequired (= 0.63.4)
    - RCTTypeSafety (= 0.63.4)
    - React-Core (= 0.63.4)
    - React-jsi (= 0.63.4)
    - ReactCommon/turbomodule/core (= 0.63.4)
  - FBSDKCoreKit (9.3.0):
    - FBSDKCoreKit/Basics (= 9.3.0)
    - FBSDKCoreKit/Core (= 9.3.0)
  - FBSDKCoreKit/Basics (9.3.0)
  - FBSDKCoreKit/Core (9.3.0):
    - FBSDKCoreKit/Basics
  - FBSDKLoginKit (9.3.0):
    - FBSDKLoginKit/Login (= 9.3.0)
  - FBSDKLoginKit/Login (9.3.0):
    - FBSDKCoreKit (~> 9.3.0)
  - FBSDKShareKit (9.3.0):
    - FBSDKShareKit/Share (= 9.3.0)
  - FBSDKShareKit/Share (9.3.0):
    - FBSDKCoreKit (~> 9.3.0)
  - Firebase/Analytics (7.6.0):
    - Firebase/Core
  - Firebase/Auth (7.6.0):
    - Firebase/CoreOnly
    - FirebaseAuth (~> 7.6.0)
  - Firebase/Core (7.6.0):
    - Firebase/CoreOnly
    - FirebaseAnalytics (= 7.6.0)
  - Firebase/CoreOnly (7.6.0):
    - FirebaseCore (= 7.6.0)
  - Firebase/Messaging (7.6.0):
    - Firebase/CoreOnly
    - FirebaseMessaging (~> 7.6.0)
  - FirebaseAnalytics (7.6.0):
    - FirebaseCore (~> 7.0)
    - FirebaseInstallations (~> 7.0)
    - GoogleAppMeasurement (= 7.6.0)
    - GoogleUtilities/AppDelegateSwizzler (~> 7.0)
    - GoogleUtilities/MethodSwizzler (~> 7.0)
    - GoogleUtilities/Network (~> 7.0)
    - "GoogleUtilities/NSData+zlib (~> 7.0)"
    - nanopb (~> 2.30907.0)
  - FirebaseAuth (7.6.0):
    - FirebaseCore (~> 7.0)
    - GoogleUtilities/AppDelegateSwizzler (~> 7.0)
    - GoogleUtilities/Environment (~> 7.0)
    - GTMSessionFetcher/Core (~> 1.4)
  - FirebaseCore (7.6.0):
    - FirebaseCoreDiagnostics (~> 7.4)
    - GoogleUtilities/Environment (~> 7.0)
    - GoogleUtilities/Logger (~> 7.0)
  - FirebaseCoreDiagnostics (7.9.0):
    - GoogleDataTransport (~> 8.0)
    - GoogleUtilities/Environment (~> 7.0)
    - GoogleUtilities/Logger (~> 7.0)
    - nanopb (~> 2.30907.0)
  - FirebaseInstallations (7.11.0):
    - FirebaseCore (~> 7.0)
    - GoogleUtilities/Environment (~> 7.0)
    - GoogleUtilities/UserDefaults (~> 7.0)
    - PromisesObjC (~> 1.2)
  - FirebaseInstanceID (7.11.0):
    - FirebaseCore (~> 7.0)
    - FirebaseInstallations (~> 7.0)
    - GoogleUtilities/Environment (~> 7.0)
    - GoogleUtilities/UserDefaults (~> 7.0)
  - FirebaseMessaging (7.6.0):
    - FirebaseCore (~> 7.0)
    - FirebaseInstanceID (~> 7.0)
    - GoogleUtilities/AppDelegateSwizzler (~> 7.0)
    - GoogleUtilities/Environment (~> 7.0)
    - GoogleUtilities/Reachability (~> 7.0)
    - GoogleUtilities/UserDefaults (~> 7.0)
  - Flipper (0.87.0):
    - Flipper-Folly (~> 2.5)
    - Flipper-RSocket (~> 1.3)
  - Flipper-DoubleConversion (1.1.7)
  - Flipper-Folly (2.5.3):
    - boost-for-react-native
    - Flipper-DoubleConversion
    - Flipper-Glog
    - libevent (~> 2.1.12)
    - OpenSSL-Universal (= 1.1.180)
  - Flipper-Glog (0.3.6)
  - Flipper-PeerTalk (0.0.4)
  - Flipper-RSocket (1.3.1):
    - Flipper-Folly (~> 2.5)
  - FlipperKit (0.87.0):
    - FlipperKit/Core (= 0.87.0)
  - FlipperKit/Core (0.87.0):
    - Flipper (~> 0.87.0)
    - FlipperKit/CppBridge
    - FlipperKit/FBCxxFollyDynamicConvert
    - FlipperKit/FBDefines
    - FlipperKit/FKPortForwarding
  - FlipperKit/CppBridge (0.87.0):
    - Flipper (~> 0.87.0)
  - FlipperKit/FBCxxFollyDynamicConvert (0.87.0):
    - Flipper-Folly (~> 2.5)
  - FlipperKit/FBDefines (0.87.0)
  - FlipperKit/FKPortForwarding (0.87.0):
    - CocoaAsyncSocket (~> 7.6)
    - Flipper-PeerTalk (~> 0.0.4)
  - FlipperKit/FlipperKitHighlightOverlay (0.87.0)
  - FlipperKit/FlipperKitLayoutHelpers (0.87.0):
    - FlipperKit/Core
    - FlipperKit/FlipperKitHighlightOverlay
    - FlipperKit/FlipperKitLayoutTextSearchable
  - FlipperKit/FlipperKitLayoutIOSDescriptors (0.87.0):
    - FlipperKit/Core
    - FlipperKit/FlipperKitHighlightOverlay
    - FlipperKit/FlipperKitLayoutHelpers
    - YogaKit (~> 1.18)
  - FlipperKit/FlipperKitLayoutPlugin (0.87.0):
    - FlipperKit/Core
    - FlipperKit/FlipperKitHighlightOverlay
    - FlipperKit/FlipperKitLayoutHelpers
    - FlipperKit/FlipperKitLayoutIOSDescriptors
    - FlipperKit/FlipperKitLayoutTextSearchable
    - YogaKit (~> 1.18)
  - FlipperKit/FlipperKitLayoutTextSearchable (0.87.0)
  - FlipperKit/FlipperKitNetworkPlugin (0.87.0):
    - FlipperKit/Core
  - FlipperKit/FlipperKitReactPlugin (0.87.0):
    - FlipperKit/Core
  - FlipperKit/FlipperKitUserDefaultsPlugin (0.87.0):
    - FlipperKit/Core
  - FlipperKit/SKIOSNetworkPlugin (0.87.0):
    - FlipperKit/Core
    - FlipperKit/FlipperKitNetworkPlugin
  - Folly (2020.01.13.00):
    - boost-for-react-native
    - DoubleConversion
    - Folly/Default (= 2020.01.13.00)
    - glog
  - Folly/Default (2020.01.13.00):
    - boost-for-react-native
    - DoubleConversion
    - glog
  - glog (0.3.5)
  - GoogleAppMeasurement (7.6.0):
    - GoogleUtilities/AppDelegateSwizzler (~> 7.0)
    - GoogleUtilities/MethodSwizzler (~> 7.0)
    - GoogleUtilities/Network (~> 7.0)
    - "GoogleUtilities/NSData+zlib (~> 7.0)"
    - nanopb (~> 2.30907.0)
  - GoogleDataTransport (8.3.1):
    - GoogleUtilities/Environment (~> 7.2)
    - nanopb (~> 2.30907.0)
    - PromisesObjC (~> 1.2)
  - GoogleSignIn (5.0.2):
    - AppAuth (~> 1.2)
    - GTMAppAuth (~> 1.0)
    - GTMSessionFetcher/Core (~> 1.1)
  - GoogleUtilities/AppDelegateSwizzler (7.6.0):
    - GoogleUtilities/Environment
    - GoogleUtilities/Logger
    - GoogleUtilities/Network
  - GoogleUtilities/Environment (7.6.0):
    - PromisesObjC (< 3.0, >= 1.2)
  - GoogleUtilities/Logger (7.6.0):
    - GoogleUtilities/Environment
  - GoogleUtilities/MethodSwizzler (7.6.0):
    - GoogleUtilities/Logger
  - GoogleUtilities/Network (7.6.0):
    - GoogleUtilities/Logger
    - "GoogleUtilities/NSData+zlib"
    - GoogleUtilities/Reachability
  - "GoogleUtilities/NSData+zlib (7.6.0)"
  - GoogleUtilities/Reachability (7.6.0):
    - GoogleUtilities/Logger
  - GoogleUtilities/UserDefaults (7.6.0):
    - GoogleUtilities/Logger
  - GTMAppAuth (1.2.2):
    - AppAuth/Core (~> 1.4)
    - GTMSessionFetcher/Core (~> 1.5)
  - GTMSessionFetcher/Core (1.7.0)
  - libevent (2.1.12)
  - libwebp (1.2.1):
    - libwebp/demux (= 1.2.1)
    - libwebp/mux (= 1.2.1)
    - libwebp/webp (= 1.2.1)
  - libwebp/demux (1.2.1):
    - libwebp/webp
  - libwebp/mux (1.2.1):
    - libwebp/demux
  - libwebp/webp (1.2.1)
  - lottie-ios (3.2.3)
  - lottie-react-native (4.0.3):
    - lottie-ios (~> 3.2.3)
    - React-Core
  - MMKV (1.2.10):
    - MMKVCore (~> 1.2.10)
  - MMKVCore (1.2.11)
  - nanopb (2.30907.0):
    - nanopb/decode (= 2.30907.0)
    - nanopb/encode (= 2.30907.0)
  - nanopb/decode (2.30907.0)
  - nanopb/encode (2.30907.0)
  - OpenSSL-Universal (1.1.180)
  - PromisesObjC (1.2.12)
  - RCTRequired (0.63.4)
  - RCTTypeSafety (0.63.4):
    - FBLazyVector (= 0.63.4)
    - Folly (= 2020.01.13.00)
    - RCTRequired (= 0.63.4)
    - React-Core (= 0.63.4)
  - React (0.63.4):
    - React-Core (= 0.63.4)
    - React-Core/DevSupport (= 0.63.4)
    - React-Core/RCTWebSocket (= 0.63.4)
    - React-RCTActionSheet (= 0.63.4)
    - React-RCTAnimation (= 0.63.4)
    - React-RCTBlob (= 0.63.4)
    - React-RCTImage (= 0.63.4)
    - React-RCTLinking (= 0.63.4)
    - React-RCTNetwork (= 0.63.4)
    - React-RCTSettings (= 0.63.4)
    - React-RCTText (= 0.63.4)
    - React-RCTVibration (= 0.63.4)
  - React-callinvoker (0.63.4)
  - React-Core (0.63.4):
    - Folly (= 2020.01.13.00)
    - glog
    - React-Core/Default (= 0.63.4)
    - React-cxxreact (= 0.63.4)
    - React-jsi (= 0.63.4)
    - React-jsiexecutor (= 0.63.4)
    - Yoga
  - React-Core/CoreModulesHeaders (0.63.4):
    - Folly (= 2020.01.13.00)
    - glog
    - React-Core/Default
    - React-cxxreact (= 0.63.4)
    - React-jsi (= 0.63.4)
    - React-jsiexecutor (= 0.63.4)
    - Yoga
  - React-Core/Default (0.63.4):
    - Folly (= 2020.01.13.00)
    - glog
    - React-cxxreact (= 0.63.4)
    - React-jsi (= 0.63.4)
    - React-jsiexecutor (= 0.63.4)
    - Yoga
  - React-Core/DevSupport (0.63.4):
    - Folly (= 2020.01.13.00)
    - glog
    - React-Core/Default (= 0.63.4)
    - React-Core/RCTWebSocket (= 0.63.4)
    - React-cxxreact (= 0.63.4)
    - React-jsi (= 0.63.4)
    - React-jsiexecutor (= 0.63.4)
    - React-jsinspector (= 0.63.4)
    - Yoga
  - React-Core/RCTActionSheetHeaders (0.63.4):
    - Folly (= 2020.01.13.00)
    - glog
    - React-Core/Default
    - React-cxxreact (= 0.63.4)
    - React-jsi (= 0.63.4)
    - React-jsiexecutor (= 0.63.4)
    - Yoga
  - React-Core/RCTAnimationHeaders (0.63.4):
    - Folly (= 2020.01.13.00)
    - glog
    - React-Core/Default
    - React-cxxreact (= 0.63.4)
    - React-jsi (= 0.63.4)
    - React-jsiexecutor (= 0.63.4)
    - Yoga
  - React-Core/RCTBlobHeaders (0.63.4):
    - Folly (= 2020.01.13.00)
    - glog
    - React-Core/Default
    - React-cxxreact (= 0.63.4)
    - React-jsi (= 0.63.4)
    - React-jsiexecutor (= 0.63.4)
    - Yoga
  - React-Core/RCTImageHeaders (0.63.4):
    - Folly (= 2020.01.13.00)
    - glog
    - React-Core/Default
    - React-cxxreact (= 0.63.4)
    - React-jsi (= 0.63.4)
    - React-jsiexecutor (= 0.63.4)
    - Yoga
  - React-Core/RCTLinkingHeaders (0.63.4):
    - Folly (= 2020.01.13.00)
    - glog
    - React-Core/Default
    - React-cxxreact (= 0.63.4)
    - React-jsi (= 0.63.4)
    - React-jsiexecutor (= 0.63.4)
    - Yoga
  - React-Core/RCTNetworkHeaders (0.63.4):
    - Folly (= 2020.01.13.00)
    - glog
    - React-Core/Default
    - React-cxxreact (= 0.63.4)
    - React-jsi (= 0.63.4)
    - React-jsiexecutor (= 0.63.4)
    - Yoga
  - React-Core/RCTSettingsHeaders (0.63.4):
    - Folly (= 2020.01.13.00)
    - glog
    - React-Core/Default
    - React-cxxreact (= 0.63.4)
    - React-jsi (= 0.63.4)
    - React-jsiexecutor (= 0.63.4)
    - Yoga
  - React-Core/RCTTextHeaders (0.63.4):
    - Folly (= 2020.01.13.00)
    - glog
    - React-Core/Default
    - React-cxxreact (= 0.63.4)
    - React-jsi (= 0.63.4)
    - React-jsiexecutor (= 0.63.4)
    - Yoga
  - React-Core/RCTVibrationHeaders (0.63.4):
    - Folly (= 2020.01.13.00)
    - glog
    - React-Core/Default
    - React-cxxreact (= 0.63.4)
    - React-jsi (= 0.63.4)
    - React-jsiexecutor (= 0.63.4)
    - Yoga
  - React-Core/RCTWebSocket (0.63.4):
    - Folly (= 2020.01.13.00)
    - glog
    - React-Core/Default (= 0.63.4)
    - React-cxxreact (= 0.63.4)
    - React-jsi (= 0.63.4)
    - React-jsiexecutor (= 0.63.4)
    - Yoga
  - React-CoreModules (0.63.4):
    - FBReactNativeSpec (= 0.63.4)
    - Folly (= 2020.01.13.00)
    - RCTTypeSafety (= 0.63.4)
    - React-Core/CoreModulesHeaders (= 0.63.4)
    - React-jsi (= 0.63.4)
    - React-RCTImage (= 0.63.4)
    - ReactCommon/turbomodule/core (= 0.63.4)
  - React-cxxreact (0.63.4):
    - boost-for-react-native (= 1.63.0)
    - DoubleConversion
    - Folly (= 2020.01.13.00)
    - glog
    - React-callinvoker (= 0.63.4)
    - React-jsinspector (= 0.63.4)
  - React-jsi (0.63.4):
    - boost-for-react-native (= 1.63.0)
    - DoubleConversion
    - Folly (= 2020.01.13.00)
    - glog
    - React-jsi/Default (= 0.63.4)
  - React-jsi/Default (0.63.4):
    - boost-for-react-native (= 1.63.0)
    - DoubleConversion
    - Folly (= 2020.01.13.00)
    - glog
  - React-jsiexecutor (0.63.4):
    - DoubleConversion
    - Folly (= 2020.01.13.00)
    - glog
    - React-cxxreact (= 0.63.4)
    - React-jsi (= 0.63.4)
  - React-jsinspector (0.63.4)
  - react-native-appearance (0.3.4):
    - React
  - react-native-blur (0.8.0):
    - React
  - react-native-branch (5.0.4):
    - Branch (= 1.39.4)
    - React
  - react-native-cameraroll (4.0.4):
    - React-Core
  - react-native-document-picker (6.0.4):
    - React-Core
  - react-native-fbsdk-next (4.3.0):
    - React-Core
    - react-native-fbsdk-next/Core (= 4.3.0)
    - react-native-fbsdk-next/Login (= 4.3.0)
    - react-native-fbsdk-next/Share (= 4.3.0)
  - react-native-fbsdk-next/Core (4.3.0):
    - FBSDKCoreKit (~> 9.3)
    - React-Core
  - react-native-fbsdk-next/Login (4.3.0):
    - FBSDKLoginKit (~> 9.3)
    - React-Core
  - react-native-fbsdk-next/Share (4.3.0):
    - FBSDKShareKit (~> 9.3)
    - React-Core
  - react-native-image-picker (3.8.1):
    - React-Core
  - react-native-image-resizer (1.4.5):
    - React-Core
  - react-native-mmkv-storage (0.6.4):
    - MMKV (= 1.2.10)
    - React-Core
  - react-native-netinfo (6.0.2):
    - React-Core
  - react-native-safe-area-context (3.3.2):
    - React-Core
  - react-native-spinkit (1.4.1):
    - React
  - react-native-splash-screen (3.2.0):
    - React
  - react-native-video (5.1.1):
    - React-Core
    - react-native-video/Video (= 5.1.1)
  - react-native-video/Video (5.1.1):
    - React-Core
  - React-RCTActionSheet (0.63.4):
    - React-Core/RCTActionSheetHeaders (= 0.63.4)
  - React-RCTAnimation (0.63.4):
    - FBReactNativeSpec (= 0.63.4)
    - Folly (= 2020.01.13.00)
    - RCTTypeSafety (= 0.63.4)
    - React-Core/RCTAnimationHeaders (= 0.63.4)
    - React-jsi (= 0.63.4)
    - ReactCommon/turbomodule/core (= 0.63.4)
  - React-RCTBlob (0.63.4):
    - FBReactNativeSpec (= 0.63.4)
    - Folly (= 2020.01.13.00)
    - React-Core/RCTBlobHeaders (= 0.63.4)
    - React-Core/RCTWebSocket (= 0.63.4)
    - React-jsi (= 0.63.4)
    - React-RCTNetwork (= 0.63.4)
    - ReactCommon/turbomodule/core (= 0.63.4)
  - React-RCTImage (0.63.4):
    - FBReactNativeSpec (= 0.63.4)
    - Folly (= 2020.01.13.00)
    - RCTTypeSafety (= 0.63.4)
    - React-Core/RCTImageHeaders (= 0.63.4)
    - React-jsi (= 0.63.4)
    - React-RCTNetwork (= 0.63.4)
    - ReactCommon/turbomodule/core (= 0.63.4)
  - React-RCTLinking (0.63.4):
    - FBReactNativeSpec (= 0.63.4)
    - React-Core/RCTLinkingHeaders (= 0.63.4)
    - React-jsi (= 0.63.4)
    - ReactCommon/turbomodule/core (= 0.63.4)
  - React-RCTNetwork (0.63.4):
    - FBReactNativeSpec (= 0.63.4)
    - Folly (= 2020.01.13.00)
    - RCTTypeSafety (= 0.63.4)
    - React-Core/RCTNetworkHeaders (= 0.63.4)
    - React-jsi (= 0.63.4)
    - ReactCommon/turbomodule/core (= 0.63.4)
  - React-RCTSettings (0.63.4):
    - FBReactNativeSpec (= 0.63.4)
    - Folly (= 2020.01.13.00)
    - RCTTypeSafety (= 0.63.4)
    - React-Core/RCTSettingsHeaders (= 0.63.4)
    - React-jsi (= 0.63.4)
    - ReactCommon/turbomodule/core (= 0.63.4)
  - React-RCTText (0.63.4):
    - React-Core/RCTTextHeaders (= 0.63.4)
  - React-RCTVibration (0.63.4):
    - FBReactNativeSpec (= 0.63.4)
    - Folly (= 2020.01.13.00)
    - React-Core/RCTVibrationHeaders (= 0.63.4)
    - React-jsi (= 0.63.4)
    - ReactCommon/turbomodule/core (= 0.63.4)
  - ReactCommon/turbomodule/core (0.63.4):
    - DoubleConversion
    - Folly (= 2020.01.13.00)
    - glog
    - React-callinvoker (= 0.63.4)
    - React-Core (= 0.63.4)
    - React-cxxreact (= 0.63.4)
    - React-jsi (= 0.63.4)
  - RNAppleAuthentication (2.1.2):
    - React-Core
  - RNBootSplash (3.2.4):
    - React-Core
  - RNCMaskedView (0.2.6):
    - React-Core
  - RNDeviceInfo (7.4.0):
    - React-Core
  - RNFastImage (8.3.7):
    - React-Core
    - SDWebImage (~> 5.8)
    - SDWebImageWebPCoder (~> 0.6.1)
  - RNFBAnalytics (10.8.1):
    - Firebase/Analytics (~> 7.6.0)
    - React-Core
    - RNFBApp
  - RNFBApp (10.8.1):
    - Firebase/CoreOnly (~> 7.6.0)
    - React-Core
  - RNFBAuth (12.7.2):
    - Firebase/Auth (~> 7.6.0)
    - React-Core
    - RNFBApp
  - RNFBMessaging (10.8.1):
    - Firebase/Messaging (~> 7.6.0)
    - React-Core
    - RNFBApp
  - RNFS (2.18.0):
    - React
  - RNGestureHandler (1.10.3):
    - React-Core
  - RNGoogleSignin (6.0.1):
    - GoogleSignIn (~> 5.0.0)
    - React-Core
  - RNIap (5.1.1):
    - React-Core
  - RNImageCropPicker (0.36.2):
    - React-Core
    - React-RCTImage
    - RNImageCropPicker/QBImagePickerController (= 0.36.2)
    - TOCropViewController
  - RNImageCropPicker/QBImagePickerController (0.36.2):
    - React-Core
    - React-RCTImage
    - TOCropViewController
  - RNInAppBrowser (3.6.3):
    - React-Core
  - RNNotifee (1.10.1):
    - React-Core
  - RNReactNativeHapticFeedback (1.11.0):
    - React-Core
  - RNReanimated (2.2.1):
    - DoubleConversion
    - FBLazyVector
    - FBReactNativeSpec
    - Folly
    - glog
    - RCTRequired
    - RCTTypeSafety
    - React
    - React-callinvoker
    - React-Core
    - React-Core/DevSupport
    - React-Core/RCTWebSocket
    - React-CoreModules
    - React-cxxreact
    - React-jsi
    - React-jsiexecutor
    - React-jsinspector
    - React-RCTActionSheet
    - React-RCTAnimation
    - React-RCTBlob
    - React-RCTImage
    - React-RCTLinking
    - React-RCTNetwork
    - React-RCTSettings
    - React-RCTText
    - React-RCTVibration
    - ReactCommon/turbomodule/core
    - Yoga
  - RNScreens (2.15.2):
    - React-Core
  - RNSentry (2.6.2):
    - React-Core
    - Sentry (= 7.1.4)
  - RNShare (7.1.0):
    - React-Core
  - RNSVG (12.1.1):
    - React
  - SDWebImage (5.12.1):
    - SDWebImage/Core (= 5.12.1)
  - SDWebImage/Core (5.12.1)
  - SDWebImageWebPCoder (0.6.1):
    - libwebp (~> 1.0)
    - SDWebImage/Core (~> 5.7)
  - Sentry (7.1.4):
    - Sentry/Core (= 7.1.4)
  - Sentry/Core (7.1.4)
  - TOCropViewController (2.6.0)
  - UMAppLoader (1.4.0)
  - UMBarCodeScannerInterface (5.4.0)
  - UMCameraInterface (5.4.0)
  - UMConstantsInterface (5.4.0)
  - UMCore (6.0.0)
  - UMFaceDetectorInterface (5.4.0)
  - UMFileSystemInterface (5.4.0)
  - UMFontInterface (5.4.0)
  - UMImageLoaderInterface (5.4.0)
  - UMPermissionsInterface (5.4.0):
    - UMCore
  - UMReactNativeAdapter (5.7.0):
    - React-Core
    - UMCore
    - UMFontInterface
  - UMSensorsInterface (5.4.0)
  - UMTaskManagerInterface (5.4.0)
  - Yoga (1.14.0)
  - YogaKit (1.18.1):
    - Yoga (~> 1.14)

DEPENDENCIES:
  - DoubleConversion (from `../node_modules/react-native/third-party-podspecs/DoubleConversion.podspec`)
  - EXApplication (from `../node_modules/expo-application/ios`)
  - EXConstants (from `../node_modules/expo-constants/ios`)
  - EXErrorRecovery (from `../node_modules/expo-error-recovery/ios`)
  - EXFileSystem (from `../node_modules/expo-file-system/ios`)
  - EXFont (from `../node_modules/expo-font/ios`)
  - EXImageLoader (from `../node_modules/expo-image-loader/ios`)
  - EXKeepAwake (from `../node_modules/expo-keep-awake/ios`)
  - EXLinearGradient (from `../node_modules/expo-linear-gradient/ios`)
  - EXLocalization (from `../node_modules/expo-localization/ios`)
  - EXLocation (from `../node_modules/expo-location/ios`)
  - EXPermissions (from `../node_modules/expo-permissions/ios`)
  - EXRandom (from `../node_modules/expo-random/ios`)
  - EXSecureStore (from `../node_modules/expo-secure-store/ios`)
  - EXSQLite (from `../node_modules/expo-sqlite/ios`)
  - EXUpdates (from `../node_modules/expo-updates/ios`)
  - FBLazyVector (from `../node_modules/react-native/Libraries/FBLazyVector`)
  - FBReactNativeSpec (from `../node_modules/react-native/Libraries/FBReactNativeSpec`)
  - Flipper (= 0.87.0)
  - Flipper-DoubleConversion (= 1.1.7)
  - Flipper-Folly (= 2.5.3)
  - Flipper-Glog (= 0.3.6)
  - Flipper-PeerTalk (~> 0.0.4)
  - Flipper-RSocket (= 1.3.1)
  - FlipperKit (= 0.87.0)
  - FlipperKit/Core (= 0.87.0)
  - FlipperKit/CppBridge (= 0.87.0)
  - FlipperKit/FBCxxFollyDynamicConvert (= 0.87.0)
  - FlipperKit/FBDefines (= 0.87.0)
  - FlipperKit/FKPortForwarding (= 0.87.0)
  - FlipperKit/FlipperKitHighlightOverlay (= 0.87.0)
  - FlipperKit/FlipperKitLayoutPlugin (= 0.87.0)
  - FlipperKit/FlipperKitLayoutTextSearchable (= 0.87.0)
  - FlipperKit/FlipperKitNetworkPlugin (= 0.87.0)
  - FlipperKit/FlipperKitReactPlugin (= 0.87.0)
  - FlipperKit/FlipperKitUserDefaultsPlugin (= 0.87.0)
  - FlipperKit/SKIOSNetworkPlugin (= 0.87.0)
  - Folly (from `../node_modules/react-native/third-party-podspecs/Folly.podspec`)
  - glog (from `../node_modules/react-native/third-party-podspecs/glog.podspec`)
  - lottie-react-native (from `../node_modules/lottie-react-native`)
  - RCTRequired (from `../node_modules/react-native/Libraries/RCTRequired`)
  - RCTTypeSafety (from `../node_modules/react-native/Libraries/TypeSafety`)
  - React (from `../node_modules/react-native/`)
  - React-callinvoker (from `../node_modules/react-native/ReactCommon/callinvoker`)
  - React-Core (from `../node_modules/react-native/`)
  - React-Core/DevSupport (from `../node_modules/react-native/`)
  - React-Core/RCTWebSocket (from `../node_modules/react-native/`)
  - React-CoreModules (from `../node_modules/react-native/React/CoreModules`)
  - React-cxxreact (from `../node_modules/react-native/ReactCommon/cxxreact`)
  - React-jsi (from `../node_modules/react-native/ReactCommon/jsi`)
  - React-jsiexecutor (from `../node_modules/react-native/ReactCommon/jsiexecutor`)
  - React-jsinspector (from `../node_modules/react-native/ReactCommon/jsinspector`)
  - react-native-appearance (from `../node_modules/react-native-appearance`)
  - "react-native-blur (from `../node_modules/@react-native-community/blur`)"
  - react-native-branch (from `../node_modules/react-native-branch`)
  - "react-native-cameraroll (from `../node_modules/@react-native-community/cameraroll`)"
  - react-native-document-picker (from `../node_modules/react-native-document-picker`)
  - react-native-fbsdk-next (from `../node_modules/react-native-fbsdk-next`)
  - react-native-image-picker (from `../node_modules/react-native-image-picker`)
  - react-native-image-resizer (from `../node_modules/react-native-image-resizer`)
  - react-native-mmkv-storage (from `../node_modules/react-native-mmkv-storage`)
  - "react-native-netinfo (from `../node_modules/@react-native-community/netinfo`)"
  - react-native-safe-area-context (from `../node_modules/react-native-safe-area-context`)
  - react-native-spinkit (from `../node_modules/react-native-spinkit`)
  - react-native-splash-screen (from `../node_modules/react-native-splash-screen`)
  - react-native-video (from `../node_modules/react-native-video`)
  - React-RCTActionSheet (from `../node_modules/react-native/Libraries/ActionSheetIOS`)
  - React-RCTAnimation (from `../node_modules/react-native/Libraries/NativeAnimation`)
  - React-RCTBlob (from `../node_modules/react-native/Libraries/Blob`)
  - React-RCTImage (from `../node_modules/react-native/Libraries/Image`)
  - React-RCTLinking (from `../node_modules/react-native/Libraries/LinkingIOS`)
  - React-RCTNetwork (from `../node_modules/react-native/Libraries/Network`)
  - React-RCTSettings (from `../node_modules/react-native/Libraries/Settings`)
  - React-RCTText (from `../node_modules/react-native/Libraries/Text`)
  - React-RCTVibration (from `../node_modules/react-native/Libraries/Vibration`)
  - ReactCommon/turbomodule/core (from `../node_modules/react-native/ReactCommon`)
  - "RNAppleAuthentication (from `../node_modules/@invertase/react-native-apple-authentication`)"
  - RNBootSplash (from `../node_modules/react-native-bootsplash`)
  - "RNCMaskedView (from `../node_modules/@react-native-masked-view/masked-view`)"
  - RNDeviceInfo (from `../node_modules/react-native-device-info`)
  - RNFastImage (from `../node_modules/react-native-fast-image`)
  - "RNFBAnalytics (from `../node_modules/@react-native-firebase/analytics`)"
  - "RNFBApp (from `../node_modules/@react-native-firebase/app`)"
  - "RNFBAuth (from `../node_modules/@react-native-firebase/auth`)"
  - "RNFBMessaging (from `../node_modules/@react-native-firebase/messaging`)"
  - RNFS (from `../node_modules/react-native-fs`)
  - RNGestureHandler (from `../node_modules/react-native-gesture-handler`)
  - "RNGoogleSignin (from `../node_modules/@react-native-google-signin/google-signin`)"
  - RNIap (from `../node_modules/react-native-iap`)
  - RNImageCropPicker (from `../node_modules/react-native-image-crop-picker`)
  - RNInAppBrowser (from `../node_modules/react-native-inappbrowser-reborn`)
  - "RNNotifee (from `../node_modules/@notifee/react-native`)"
  - RNReactNativeHapticFeedback (from `../node_modules/react-native-haptic-feedback`)
  - RNReanimated (from `../node_modules/react-native-reanimated`)
  - RNScreens (from `../node_modules/react-native-screens`)
  - "RNSentry (from `../node_modules/@sentry/react-native`)"
  - RNShare (from `../node_modules/react-native-share`)
  - RNSVG (from `../node_modules/react-native-svg`)
  - UMAppLoader (from `../node_modules/unimodules-app-loader/ios`)
  - UMBarCodeScannerInterface (from `../node_modules/unimodules-barcode-scanner-interface/ios`)
  - UMCameraInterface (from `../node_modules/unimodules-camera-interface/ios`)
  - UMConstantsInterface (from `../node_modules/unimodules-constants-interface/ios`)
  - "UMCore (from `../node_modules/@unimodules/core/ios`)"
  - UMFaceDetectorInterface (from `../node_modules/unimodules-face-detector-interface/ios`)
  - UMFileSystemInterface (from `../node_modules/unimodules-file-system-interface/ios`)
  - UMFontInterface (from `../node_modules/unimodules-font-interface/ios`)
  - UMImageLoaderInterface (from `../node_modules/unimodules-image-loader-interface/ios`)
  - UMPermissionsInterface (from `../node_modules/unimodules-permissions-interface/ios`)
  - "UMReactNativeAdapter (from `../node_modules/@unimodules/react-native-adapter/ios`)"
  - UMSensorsInterface (from `../node_modules/unimodules-sensors-interface/ios`)
  - UMTaskManagerInterface (from `../node_modules/unimodules-task-manager-interface/ios`)
  - Yoga (from `../node_modules/react-native/ReactCommon/yoga`)

SPEC REPOS:
  trunk:
    - AppAuth
    - boost-for-react-native
    - Branch
    - CocoaAsyncSocket
    - FBSDKCoreKit
    - FBSDKLoginKit
    - FBSDKShareKit
    - Firebase
    - FirebaseAnalytics
    - FirebaseAuth
    - FirebaseCore
    - FirebaseCoreDiagnostics
    - FirebaseInstallations
    - FirebaseInstanceID
    - FirebaseMessaging
    - Flipper
    - Flipper-DoubleConversion
    - Flipper-Folly
    - Flipper-Glog
    - Flipper-PeerTalk
    - Flipper-RSocket
    - FlipperKit
    - GoogleAppMeasurement
    - GoogleDataTransport
    - GoogleSignIn
    - GoogleUtilities
    - GTMAppAuth
    - GTMSessionFetcher
    - libevent
    - libwebp
    - lottie-ios
    - MMKV
    - MMKVCore
    - nanopb
    - OpenSSL-Universal
    - PromisesObjC
    - SDWebImage
    - SDWebImageWebPCoder
    - Sentry
    - TOCropViewController
    - YogaKit

EXTERNAL SOURCES:
  DoubleConversion:
    :podspec: "../node_modules/react-native/third-party-podspecs/DoubleConversion.podspec"
  EXApplication:
    :path: "../node_modules/expo-application/ios"
  EXConstants:
    :path: "../node_modules/expo-constants/ios"
  EXErrorRecovery:
    :path: "../node_modules/expo-error-recovery/ios"
  EXFileSystem:
    :path: "../node_modules/expo-file-system/ios"
  EXFont:
    :path: "../node_modules/expo-font/ios"
  EXImageLoader:
    :path: "../node_modules/expo-image-loader/ios"
  EXKeepAwake:
    :path: "../node_modules/expo-keep-awake/ios"
  EXLinearGradient:
    :path: "../node_modules/expo-linear-gradient/ios"
  EXLocalization:
    :path: "../node_modules/expo-localization/ios"
  EXLocation:
    :path: "../node_modules/expo-location/ios"
  EXPermissions:
    :path: "../node_modules/expo-permissions/ios"
  EXRandom:
    :path: "../node_modules/expo-random/ios"
  EXSecureStore:
    :path: "../node_modules/expo-secure-store/ios"
  EXSQLite:
    :path: "../node_modules/expo-sqlite/ios"
  EXUpdates:
    :path: "../node_modules/expo-updates/ios"
  FBLazyVector:
    :path: "../node_modules/react-native/Libraries/FBLazyVector"
  FBReactNativeSpec:
    :path: "../node_modules/react-native/Libraries/FBReactNativeSpec"
  Folly:
    :podspec: "../node_modules/react-native/third-party-podspecs/Folly.podspec"
  glog:
    :podspec: "../node_modules/react-native/third-party-podspecs/glog.podspec"
  lottie-react-native:
    :path: "../node_modules/lottie-react-native"
  RCTRequired:
    :path: "../node_modules/react-native/Libraries/RCTRequired"
  RCTTypeSafety:
    :path: "../node_modules/react-native/Libraries/TypeSafety"
  React:
    :path: "../node_modules/react-native/"
  React-callinvoker:
    :path: "../node_modules/react-native/ReactCommon/callinvoker"
  React-Core:
    :path: "../node_modules/react-native/"
  React-CoreModules:
    :path: "../node_modules/react-native/React/CoreModules"
  React-cxxreact:
    :path: "../node_modules/react-native/ReactCommon/cxxreact"
  React-jsi:
    :path: "../node_modules/react-native/ReactCommon/jsi"
  React-jsiexecutor:
    :path: "../node_modules/react-native/ReactCommon/jsiexecutor"
  React-jsinspector:
    :path: "../node_modules/react-native/ReactCommon/jsinspector"
  react-native-appearance:
    :path: "../node_modules/react-native-appearance"
  react-native-blur:
    :path: "../node_modules/@react-native-community/blur"
  react-native-branch:
    :path: "../node_modules/react-native-branch"
  react-native-cameraroll:
    :path: "../node_modules/@react-native-community/cameraroll"
  react-native-document-picker:
    :path: "../node_modules/react-native-document-picker"
  react-native-fbsdk-next:
    :path: "../node_modules/react-native-fbsdk-next"
  react-native-image-picker:
    :path: "../node_modules/react-native-image-picker"
  react-native-image-resizer:
    :path: "../node_modules/react-native-image-resizer"
  react-native-mmkv-storage:
    :path: "../node_modules/react-native-mmkv-storage"
  react-native-netinfo:
    :path: "../node_modules/@react-native-community/netinfo"
  react-native-safe-area-context:
    :path: "../node_modules/react-native-safe-area-context"
  react-native-spinkit:
    :path: "../node_modules/react-native-spinkit"
  react-native-splash-screen:
    :path: "../node_modules/react-native-splash-screen"
  react-native-video:
    :path: "../node_modules/react-native-video"
  React-RCTActionSheet:
    :path: "../node_modules/react-native/Libraries/ActionSheetIOS"
  React-RCTAnimation:
    :path: "../node_modules/react-native/Libraries/NativeAnimation"
  React-RCTBlob:
    :path: "../node_modules/react-native/Libraries/Blob"
  React-RCTImage:
    :path: "../node_modules/react-native/Libraries/Image"
  React-RCTLinking:
    :path: "../node_modules/react-native/Libraries/LinkingIOS"
  React-RCTNetwork:
    :path: "../node_modules/react-native/Libraries/Network"
  React-RCTSettings:
    :path: "../node_modules/react-native/Libraries/Settings"
  React-RCTText:
    :path: "../node_modules/react-native/Libraries/Text"
  React-RCTVibration:
    :path: "../node_modules/react-native/Libraries/Vibration"
  ReactCommon:
    :path: "../node_modules/react-native/ReactCommon"
  RNAppleAuthentication:
    :path: "../node_modules/@invertase/react-native-apple-authentication"
  RNBootSplash:
    :path: "../node_modules/react-native-bootsplash"
  RNCMaskedView:
    :path: "../node_modules/@react-native-masked-view/masked-view"
  RNDeviceInfo:
    :path: "../node_modules/react-native-device-info"
  RNFastImage:
    :path: "../node_modules/react-native-fast-image"
  RNFBAnalytics:
    :path: "../node_modules/@react-native-firebase/analytics"
  RNFBApp:
    :path: "../node_modules/@react-native-firebase/app"
  RNFBAuth:
    :path: "../node_modules/@react-native-firebase/auth"
  RNFBMessaging:
    :path: "../node_modules/@react-native-firebase/messaging"
  RNFS:
    :path: "../node_modules/react-native-fs"
  RNGestureHandler:
    :path: "../node_modules/react-native-gesture-handler"
  RNGoogleSignin:
    :path: "../node_modules/@react-native-google-signin/google-signin"
  RNIap:
    :path: "../node_modules/react-native-iap"
  RNImageCropPicker:
    :path: "../node_modules/react-native-image-crop-picker"
  RNInAppBrowser:
    :path: "../node_modules/react-native-inappbrowser-reborn"
  RNNotifee:
    :path: "../node_modules/@notifee/react-native"
  RNReactNativeHapticFeedback:
    :path: "../node_modules/react-native-haptic-feedback"
  RNReanimated:
    :path: "../node_modules/react-native-reanimated"
  RNScreens:
    :path: "../node_modules/react-native-screens"
  RNSentry:
    :path: "../node_modules/@sentry/react-native"
  RNShare:
    :path: "../node_modules/react-native-share"
  RNSVG:
    :path: "../node_modules/react-native-svg"
  UMAppLoader:
    :path: "../node_modules/unimodules-app-loader/ios"
  UMBarCodeScannerInterface:
    :path: "../node_modules/unimodules-barcode-scanner-interface/ios"
  UMCameraInterface:
    :path: "../node_modules/unimodules-camera-interface/ios"
  UMConstantsInterface:
    :path: "../node_modules/unimodules-constants-interface/ios"
  UMCore:
    :path: "../node_modules/@unimodules/core/ios"
  UMFaceDetectorInterface:
    :path: "../node_modules/unimodules-face-detector-interface/ios"
  UMFileSystemInterface:
    :path: "../node_modules/unimodules-file-system-interface/ios"
  UMFontInterface:
    :path: "../node_modules/unimodules-font-interface/ios"
  UMImageLoaderInterface:
    :path: "../node_modules/unimodules-image-loader-interface/ios"
  UMPermissionsInterface:
    :path: "../node_modules/unimodules-permissions-interface/ios"
  UMReactNativeAdapter:
    :path: "../node_modules/@unimodules/react-native-adapter/ios"
  UMSensorsInterface:
    :path: "../node_modules/unimodules-sensors-interface/ios"
  UMTaskManagerInterface:
    :path: "../node_modules/unimodules-task-manager-interface/ios"
  Yoga:
    :path: "../node_modules/react-native/ReactCommon/yoga"

SPEC CHECKSUMS:
  AppAuth: 31bcec809a638d7bd2f86ea8a52bd45f6e81e7c7
  boost-for-react-native: 39c7adb57c4e60d6c5479dd8623128eb5b3f0f2c
  Branch: d21c40c47b5c15c6ab709cdf7d965a50059e0546
  CocoaAsyncSocket: 065fd1e645c7abab64f7a6a2007a48038fdc6a99
  DoubleConversion: cde416483dac037923206447da6e1454df403714
  EXApplication: e3c201e7b913d081bbd37bd3c5d0e2cdc21733b4
  EXConstants: 54d0bf04319d1692c6c7bc03ca151ef7a71705a4
  EXErrorRecovery: b46af4b91e2b4ec598ab1fa51d2cf088aaf5511f
  EXFileSystem: 0e4974ab77bff04cda68d2886d070cbe64b93a6b
  EXFont: 30c64ed8735a180e3f20046e4fdac4ea074d71d3
  EXImageLoader: f96ec9992733a4224418bbd9382e5485c8948944
  EXKeepAwake: 615c5a6fca5c2afedf611bb6f7f2ca323246de94
  EXLinearGradient: c803fbd1aa974be038177b1e45524bc35759fe9c
  EXLocalization: 8b9463c81843da214476b541a27811dd885c9a76
  EXLocation: d55e2a37f61bcfb4eba9c813b3f4621d896c4c00
  EXPermissions: 17d4846ad1880f6891c74ae58ca1acb43e47ed47
  EXRandom: d7e0f3dd64810aabd27d59f8ecffee359177e2c3
  EXSecureStore: 1b571851e6068b30b8ec097be848a04603c03bae
  EXSQLite: bda6a286dded0637bb312ee781239dcca163ff4b
  EXUpdates: 5124c03b19730078482a27b97fcb4718b06ca6b5
  FBLazyVector: 3bb422f41b18121b71783a905c10e58606f7dc3e
  FBReactNativeSpec: f2c97f2529dd79c083355182cc158c9f98f4bd6e
  FBSDKCoreKit: 0d1ae58388a458b8222f72025804cdc84eb5d0c3
  FBSDKLoginKit: aea68df6121c5e165ccae2fabfdc83c4644ee40f
  FBSDKShareKit: 70889c97c62f0c6b3ccb8b999e73a85f19024001
  Firebase: e1e089d9aac215a52442583f818ab61de3c4581b
  FirebaseAnalytics: 9f8f4feab1f3fddf4e4515f8f022fe6aa9e51043
  FirebaseAuth: 0a1df88dc32569db509e6269c3e4bf2a168e8ae8
  FirebaseCore: 0a43b7f1c5b36f3358cd703011ca4c7e0df55870
  FirebaseCoreDiagnostics: 3d36e05da74cb8b7ce30e6594a8f201b982c725c
  FirebaseInstallations: a58d4f72ec5861840b84df489f2668d970df558a
  FirebaseInstanceID: ad5135045a498d7775903efd39762d2cdfa1be27
  FirebaseMessaging: 4b9b2850fcfcaac2820097ee3703ba6cfff3df84
  Flipper: 1bd2db48dcc31e4b167b9a33ec1df01c2ded4893
  Flipper-DoubleConversion: 38631e41ef4f9b12861c67d17cb5518d06badc41
  Flipper-Folly: 755929a4f851b2fb2c347d533a23f191b008554c
  Flipper-Glog: 1dfd6abf1e922806c52ceb8701a3599a79a200a6
  Flipper-PeerTalk: 116d8f857dc6ef55c7a5a75ea3ceaafe878aadc9
  Flipper-RSocket: 127954abe8b162fcaf68d2134d34dc2bd7076154
  FlipperKit: 651f50a42eb95c01b3e89a60996dd6aded529eeb
  Folly: b73c3869541e86821df3c387eb0af5f65addfab4
  glog: 40a13f7840415b9a77023fbcae0f1e6f43192af3
  GoogleAppMeasurement: c542a2feaac9ab98fd074e8f1a02c3585bbfbd47
  GoogleDataTransport: 8b0e733ea77c9218778e5a9e34ba9508b8328939
  GoogleSignIn: 7137d297ddc022a7e0aa4619c86d72c909fa7213
  GoogleUtilities: 684ee790a24f73ebb2d1d966e9711c203f2a4237
  GTMAppAuth: ad5c2b70b9a8689e1a04033c9369c4915bfcbe89
  GTMSessionFetcher: 43748f93435c2aa068b1cbe39655aaf600652e91
  libevent: 4049cae6c81cdb3654a443be001fb9bdceff7913
  libwebp: 98a37e597e40bfdb4c911fc98f2c53d0b12d05fc
  lottie-ios: c058aeafa76daa4cf64d773554bccc8385d0150e
  lottie-react-native: 96361a9891cf651534ea35c4f85f33d4cf14ed13
  MMKV: 76033b9ace2006623308910a3afcc0e25eba3140
  MMKVCore: f9e4f56742fdebbd042f7a273e278927f182cee7
  nanopb: 59221d7f958fb711001e6a449489542d92ae113e
  OpenSSL-Universal: 1aa4f6a6ee7256b83db99ec1ccdaa80d10f9af9b
  PromisesObjC: 3113f7f76903778cf4a0586bd1ab89329a0b7b97
  RCTRequired: 082f10cd3f905d6c124597fd1c14f6f2655ff65e
  RCTTypeSafety: 8c9c544ecbf20337d069e4ae7fd9a377aadf504b
  React: b0a957a2c44da4113b0c4c9853d8387f8e64e615
  React-callinvoker: c3f44dd3cb195b6aa46621fff95ded79d59043fe
  React-Core: d3b2a1ac9a2c13c3bcde712d9281fc1c8a5b315b
  React-CoreModules: 0581ff36cb797da0943d424f69e7098e43e9be60
  React-cxxreact: c1480d4fda5720086c90df537ee7d285d4c57ac3
  React-jsi: a0418934cf48f25b485631deb27c64dc40fb4c31
  React-jsiexecutor: 93bd528844ad21dc07aab1c67cb10abae6df6949
  React-jsinspector: 58aef7155bc9a9683f5b60b35eccea8722a4f53a
  react-native-appearance: 0f0e5fc2fcef70e03d48c8fe6b00b9158c2ba8aa
  react-native-blur: cad4d93b364f91e7b7931b3fa935455487e5c33c
  react-native-branch: ac93090da23d4df1335764ce714310f93afdc9a3
  react-native-cameraroll: 88f4e62d9ecd0e1f253abe4f685474f2ea14bfa2
  react-native-document-picker: a7950caaee8587002c9acbc7fe497a342094d93a
  react-native-fbsdk-next: 19e974b071047b7ed1dad86a9dc3fe77dff76b8c
  react-native-image-picker: 31971f6184e7c1dcb4fc1f122e1ba2c3fb11ef1e
  react-native-image-resizer: d9fb629a867335bdc13230ac2a58702bb8c8828f
  react-native-mmkv-storage: ef0108761e775232be39fda2f41fef040406d858
  react-native-netinfo: 92e6e4476eb8bf6fc2d7c0a6ca0a1406f663d73a
  react-native-safe-area-context: 584dc04881deb49474363f3be89e4ca0e854c057
  react-native-spinkit: da294fd828216ad211fe36a5c14c1e09f09e62db
  react-native-splash-screen: 200d11d188e2e78cea3ad319964f6142b6384865
  react-native-video: 0bb76b6d6b77da3009611586c7dbf817b947f30e
  React-RCTActionSheet: 89a0ca9f4a06c1f93c26067af074ccdce0f40336
  React-RCTAnimation: 1bde3ecc0c104c55df246eda516e0deb03c4e49b
  React-RCTBlob: a97d378b527740cc667e03ebfa183a75231ab0f0
  React-RCTImage: c1b1f2d3f43a4a528c8946d6092384b5c880d2f0
  React-RCTLinking: 35ae4ab9dc0410d1fcbdce4d7623194a27214fb2
  React-RCTNetwork: 29ec2696f8d8cfff7331fac83d3e893c95ef43ae
  React-RCTSettings: 60f0691bba2074ef394f95d4c2265ec284e0a46a
  React-RCTText: 5c51df3f08cb9dedc6e790161195d12bac06101c
  React-RCTVibration: ae4f914cfe8de7d4de95ae1ea6cc8f6315d73d9d
  ReactCommon: 73d79c7039f473b76db6ff7c6b159c478acbbb3b
  RNAppleAuthentication: e95bcfbd044013667f35c5ca20ae17d39500c009
  RNBootSplash: 4844706cbb56a3270556c9b94e59dedadccd47e4
  RNCMaskedView: c298b644a10c0c142055b3ae24d83879ecb13ccd
  RNDeviceInfo: 9538a884f862fe4aa0d7cead9f34e292d41ba8f6
  RNFastImage: a7384db75df352500261e8e8f1ac2026def26102
  RNFBAnalytics: 454b17745d3824156cb906e2777d85f6848bf3e1
  RNFBApp: 02bde3edecf2e9694b908a5d3504e03449980f20
  RNFBAuth: 6c040522fd501d500706b0ecb57c29dfc1e792ad
  RNFBMessaging: 1823217d31e942531cc3f51fb5367dcbc69c1e10
  RNFS: 3ab21fa6c56d65566d1fb26c2228e2b6132e5e32
  RNGestureHandler: a479ebd5ed4221a810967000735517df0d2db211
  RNGoogleSignin: e64616a4080cf7d83f4b292fad82d174587444e2
  RNIap: c0377981dfabe50887c5d1ff110011ed9b7cb6f3
  RNImageCropPicker: 35a3ceb837446fa11547704709bb22b5fac6d584
  RNInAppBrowser: 3ff3a3b8f458aaf25aaee879d057352862edf357
  RNNotifee: 9f8ec057a139860abd94ad556cd6af78d1ff46a9
  RNReactNativeHapticFeedback: 653a8c126a0f5e88ce15ffe280b3ff37e1fbb285
  RNReanimated: ad9db9ab64944d631e13a723a63f1704bddebeaf
  RNScreens: 3d682bcaba69a4f8e55543d90818704f34338db1
  RNSentry: 68644ef607b780551cc555f084869764f2566652
  RNShare: 072f63d19c2b90da3742adac614396d805e7ae22
  RNSVG: 551acb6562324b1d52a4e0758f7ca0ec234e278f
  SDWebImage: 4dc3e42d9ec0c1028b960a33ac6b637bb432207b
  SDWebImageWebPCoder: d0dac55073088d24b2ac1b191a71a8f8d0adac21
  Sentry: 1d3eb1a25f8c5333c88dd5603904a6d461cd9fcf
  TOCropViewController: 3105367e808b7d3d886a74ff59bf4804e7d3ab38
  UMAppLoader: 92d044af52626af3d81a69796ad666fc7a9a7d78
  UMBarCodeScannerInterface: 3f6c1b09ef4b867ce752b8c0b3893bcf9cd85f32
  UMCameraInterface: d516032121192fee9a6c93bdfff0bb2cc7282796
  UMConstantsInterface: 6825ea3832d26ed392ca6eff2df84edd69968fd0
  UMCore: 97ba5041c9c92317ce61739f6d126a692c8ef4a8
  UMFaceDetectorInterface: 60b36b07faa539205efce30b20c192e058b31c23
  UMFileSystemInterface: ab01294ce58a3c773aefb4a5b131ce589c199559
  UMFontInterface: 85fe1b845fb7caab45e04d9ce47e1677a5ce90a5
  UMImageLoaderInterface: 18f37df089b7e6d301e3acac025a8264d26b66d6
  UMPermissionsInterface: 807e5733b4c6607f35757b1dd128f370718d2f94
  UMReactNativeAdapter: 172def7895b2cb44a7dd021336e316d5fa8ea958
  UMSensorsInterface: 4df9ec662134de5614ae61acc249d6912db87ca5
  UMTaskManagerInterface: 4c60b43eaf3cb05a164bc9113258a171c18b7bf7
  Yoga: 4bd86afe9883422a7c4028c00e34790f560923d6
  YogaKit: f782866e155069a2cca2517aafea43200b01fd5a

PODFILE CHECKSUM: 88328328ff873e99c299c462bb017432b11e3fcc

COCOAPODS: 1.11.2
